
Microsoft Visual Studio Solution File, Format Version 12.00
# Visual Studio Version 16
VisualStudioVersion = 16.0.30907.101
MinimumVisualStudioVersion = 10.0.40219.1
Project("{9A19103F-16F7-4668-BE54-9A1E7A4F7556}") = "Entities", "Entities\Entities.csproj", "{60F064F4-8F0E-4208-85EA-469B1CCFD3A2}"
EndProject
Project("{9A19103F-16F7-4668-BE54-9A1E7A4F7556}") = "DataAccess", "DataAccess\DataAccess.csproj", "{EC4F4243-5D39-4408-8E99-F7F96E1A2ACD}"
EndProject
Project("{9A19103F-16F7-4668-BE54-9A1E7A4F7556}") = "Business", "Business\Business.csproj", "{A23B5165-7320-48CF-A31E-AF577C02BFB3}"
EndProject
Project("{9A19103F-16F7-4668-BE54-9A1E7A4F7556}") = "ConsoleUI", "ConsoleUI\ConsoleUI.csproj", "{7BED2D2E-DF1D-427E-B146-7CD2D929BA14}"
EndProject
Project("{9A19103F-16F7-4668-BE54-9A1E7A4F7556}") = "Core", "Core\Core.csproj", "{07D3A044-42B4-404A-BB31-5625401C8AB7}"
EndProject
Project("{FAE04EC0-301F-11D3-BF4B-00C04F79EFBC}") = "WebAPI", "WebAPI\WebAPI.csproj", "{46836860-4DF6-434C-8FB7-76BE57A4C84F}"
EndProject
Global
	GlobalSection(SolutionConfigurationPlatforms) = preSolution
		Debug|Any CPU = Debug|Any CPU
		Release|Any CPU = Release|Any CPU
	EndGlobalSection
	GlobalSection(ProjectConfigurationPlatforms) = postSolution
		{60F064F4-8F0E-4208-85EA-469B1CCFD3A2}.Debug|Any CPU.ActiveCfg = Debug|Any CPU
		{60F064F4-8F0E-4208-85EA-469B1CCFD3A2}.Debug|Any CPU.Build.0 = Debug|Any CPU
		{60F064F4-8F0E-4208-85EA-469B1CCFD3A2}.Release|Any CPU.ActiveCfg = Release|Any CPU
		{60F064F4-8F0E-4208-85EA-469B1CCFD3A2}.Release|Any CPU.Build.0 = Release|Any CPU
		{EC4F4243-5D39-4408-8E99-F7F96E1A2ACD}.Debug|Any CPU.ActiveCfg = Debug|Any CPU
		{EC4F4243-5D39-4408-8E99-F7F96E1A2ACD}.Debug|Any CPU.Build.0 = Debug|Any CPU
		{EC4F4243-5D39-4408-8E99-F7F96E1A2ACD}.Release|Any CPU.ActiveCfg = Release|Any CPU
		{EC4F4243-5D39-4408-8E99-F7F96E1A2ACD}.Release|Any CPU.Build.0 = Release|Any CPU
		{A23B5165-7320-48CF-A31E-AF577C02BFB3}.Debug|Any CPU.ActiveCfg = Debug|Any CPU
		{A23B5165-7320-48CF-A31E-AF577C02BFB3}.Debug|Any CPU.Build.0 = Debug|Any CPU
		{A23B5165-7320-48CF-A31E-AF577C02BFB3}.Release|Any CPU.ActiveCfg = Release|Any CPU
		{A23B5165-7320-48CF-A31E-AF577C02BFB3}.Release|Any CPU.Build.0 = Release|Any CPU
		{7BED2D2E-DF1D-427E-B146-7CD2D929BA14}.Debug|Any CPU.ActiveCfg = Debug|Any CPU
		{7BED2D2E-DF1D-427E-B146-7CD2D929BA14}.Debug|Any CPU.Build.0 = Debug|Any CPU
		{7BED2D2E-DF1D-427E-B146-7CD2D929BA14}.Release|Any CPU.ActiveCfg = Release|Any CPU
		{7BED2D2E-DF1D-427E-B146-7CD2D929BA14}.Release|Any CPU.Build.0 = Release|Any CPU
		{07D3A044-42B4-404A-BB31-5625401C8AB7}.Debug|Any CPU.ActiveCfg = Debug|Any CPU
		{07D3A044-42B4-404A-BB31-5625401C8AB7}.Debug|Any CPU.Build.0 = Debug|Any CPU
		{07D3A044-42B4-404A-BB31-5625401C8AB7}.Release|Any CPU.ActiveCfg = Release|Any CPU
		{07D3A044-42B4-404A-BB31-5625401C8AB7}.Release|Any CPU.Build.0 = Release|Any CPU
		{46836860-4DF6-434C-8FB7-76BE57A4C84F}.Debug|Any CPU.ActiveCfg = Debug|Any CPU
		{46836860-4DF6-434C-8FB7-76BE57A4C84F}.Debug|Any CPU.Build.0 = Debug|Any CPU
		{46836860-4DF6-434C-8FB7-76BE57A4C84F}.Release|Any CPU.ActiveCfg = Release|Any CPU
		{46836860-4DF6-434C-8FB7-76BE57A4C84F}.Release|Any CPU.Build.0 = Release|Any CPU
	EndGlobalSection
	GlobalSection(SolutionProperties) = preSolution
		HideSolutionNode = FALSE
	EndGlobalSection
	GlobalSection(ExtensibilityGlobals) = postSolution
		SolutionGuid = {E8C63B15-290B-420D-9607-B132256A7D3D}
	EndGlobalSection
EndGlobal
